// !$*UTF8*$!
{
	archiveVersion = 1;
	classes = {
	};
	objectVersion = 54;
	objects = {

/* Begin PBXBuildFile section */
		06AA33FE291022F900B7893D /* AppDelegate.swift in Sources */ = {isa = PBXBuildFile; fileRef = 06AA33FD291022F900B7893D /* AppDelegate.swift */; };
		06AA3400291022F900B7893D /* SceneDelegate.swift in Sources */ = {isa = PBXBuildFile; fileRef = 06AA33FF291022F900B7893D /* SceneDelegate.swift */; };
		06AA3402291022F900B7893D /* ViewController.swift in Sources */ = {isa = PBXBuildFile; fileRef = 06AA3401291022F900B7893D /* ViewController.swift */; };
		06AA3405291022F900B7893D /* Main.storyboard in Resources */ = {isa = PBXBuildFile; fileRef = 06AA3403291022F900B7893D /* Main.storyboard */; };
		06AA3407291022FB00B7893D /* Assets.xcassets in Resources */ = {isa = PBXBuildFile; fileRef = 06AA3406291022FB00B7893D /* Assets.xcassets */; };
		06AA340A291022FB00B7893D /* LaunchScreen.storyboard in Resources */ = {isa = PBXBuildFile; fileRef = 06AA3408291022FB00B7893D /* LaunchScreen.storyboard */; };
		06AA3415291022FC00B7893D /* FrontProyectoTests.swift in Sources */ = {isa = PBXBuildFile; fileRef = 06AA3414291022FC00B7893D /* FrontProyectoTests.swift */; };
		06AA3420291022FC00B7893D /* FrontProyectoUITests.swift in Sources */ = {isa = PBXBuildFile; fileRef = 06AA341F291022FC00B7893D /* FrontProyectoUITests.swift */; };
		E0BF7465292487F30041EFBA /* NewsViewController.swift in Sources */ = {isa = PBXBuildFile; fileRef = E0BF7464292487F30041EFBA /* NewsViewController.swift */; };
		E0BF7468292488590041EFBA /* CardCell.swift in Sources */ = {isa = PBXBuildFile; fileRef = E0BF7467292488590041EFBA /* CardCell.swift */; };
		E0E107BD2931AA0800A16741 /* server.js in Resources */ = {isa = PBXBuildFile; fileRef = E0E107BB2931AA0700A16741 /* server.js */; };
		E0E107BE2931AA0800A16741 /* package.json in Resources */ = {isa = PBXBuildFile; fileRef = E0E107BC2931AA0800A16741 /* package.json */; };
		E0E712192925481C00B61542 /* Utilities.swift in Sources */ = {isa = PBXBuildFile; fileRef = E0E712182925481C00B61542 /* Utilities.swift */; };
		E0E7121B2925482A00B61542 /* Constants.swift in Sources */ = {isa = PBXBuildFile; fileRef = E0E7121A2925482A00B61542 /* Constants.swift */; };
		E0E7121D2925485000B61542 /* LoginViewController.swift in Sources */ = {isa = PBXBuildFile; fileRef = E0E7121C2925485000B61542 /* LoginViewController.swift */; };
		E0E7121F2925486300B61542 /* SignUpViewController.swift in Sources */ = {isa = PBXBuildFile; fileRef = E0E7121E2925486300B61542 /* SignUpViewController.swift */; };
		E0E7122129254C1E00B61542 /* LandingViewController.swift in Sources */ = {isa = PBXBuildFile; fileRef = E0E7122029254C1E00B61542 /* LandingViewController.swift */; };
		E0E7122829254DAC00B61542 /* GoogleService-Info.plist in Resources */ = {isa = PBXBuildFile; fileRef = E0E7122729254DAC00B61542 /* GoogleService-Info.plist */; };
		E0E7130329255E8E00B61542 /* FirebaseAnalytics in Frameworks */ = {isa = PBXBuildFile; productRef = E0E7130229255E8E00B61542 /* FirebaseAnalytics */; };
		E0E7130529255E8E00B61542 /* FirebaseAnalyticsSwift-Beta in Frameworks */ = {isa = PBXBuildFile; productRef = E0E7130429255E8E00B61542 /* FirebaseAnalyticsSwift-Beta */; };
		E0E7130729255E8E00B61542 /* FirebaseAnalyticsWithoutAdIdSupport in Frameworks */ = {isa = PBXBuildFile; productRef = E0E7130629255E8E00B61542 /* FirebaseAnalyticsWithoutAdIdSupport */; };
		E0E7130929255E8E00B61542 /* FirebaseAppCheck in Frameworks */ = {isa = PBXBuildFile; productRef = E0E7130829255E8E00B61542 /* FirebaseAppCheck */; };
		E0E7130B29255E8E00B61542 /* FirebaseAppDistribution-Beta in Frameworks */ = {isa = PBXBuildFile; productRef = E0E7130A29255E8E00B61542 /* FirebaseAppDistribution-Beta */; };
		E0E7130D29255E8E00B61542 /* FirebaseAuth in Frameworks */ = {isa = PBXBuildFile; productRef = E0E7130C29255E8E00B61542 /* FirebaseAuth */; };
		E0E7130F29255E8E00B61542 /* FirebaseCrashlytics in Frameworks */ = {isa = PBXBuildFile; productRef = E0E7130E29255E8E00B61542 /* FirebaseCrashlytics */; };
		E0E7131129255E8E00B61542 /* FirebaseDatabase in Frameworks */ = {isa = PBXBuildFile; productRef = E0E7131029255E8E00B61542 /* FirebaseDatabase */; };
		E0E7131329255E8E00B61542 /* FirebaseDynamicLinks in Frameworks */ = {isa = PBXBuildFile; productRef = E0E7131229255E8E00B61542 /* FirebaseDynamicLinks */; };
		E0E7131529255E8E00B61542 /* FirebaseFirestore in Frameworks */ = {isa = PBXBuildFile; productRef = E0E7131429255E8E00B61542 /* FirebaseFirestore */; };
		E0E7131729255E8E00B61542 /* FirebaseFirestoreSwift-Beta in Frameworks */ = {isa = PBXBuildFile; productRef = E0E7131629255E8E00B61542 /* FirebaseFirestoreSwift-Beta */; };
		E0E7131929255E8E00B61542 /* FirebaseFunctions in Frameworks */ = {isa = PBXBuildFile; productRef = E0E7131829255E8E00B61542 /* FirebaseFunctions */; };
		E0E7131B29255E8E00B61542 /* FirebaseInAppMessaging-Beta in Frameworks */ = {isa = PBXBuildFile; productRef = E0E7131A29255E8E00B61542 /* FirebaseInAppMessaging-Beta */; };
		E0E7131D29255E8E00B61542 /* FirebaseInAppMessagingSwift-Beta in Frameworks */ = {isa = PBXBuildFile; productRef = E0E7131C29255E8E00B61542 /* FirebaseInAppMessagingSwift-Beta */; };
		E0E7131F29255E8E00B61542 /* FirebaseInstallations in Frameworks */ = {isa = PBXBuildFile; productRef = E0E7131E29255E8E00B61542 /* FirebaseInstallations */; };
		E0E7132129255E8E00B61542 /* FirebaseMLModelDownloader in Frameworks */ = {isa = PBXBuildFile; productRef = E0E7132029255E8E00B61542 /* FirebaseMLModelDownloader */; };
		E0E7132329255E8E00B61542 /* FirebaseMessaging in Frameworks */ = {isa = PBXBuildFile; productRef = E0E7132229255E8E00B61542 /* FirebaseMessaging */; };
		E0E7132529255E8E00B61542 /* FirebaseRemoteConfig in Frameworks */ = {isa = PBXBuildFile; productRef = E0E7132429255E8E00B61542 /* FirebaseRemoteConfig */; };
		E0E7132729255E8E00B61542 /* FirebaseStorage in Frameworks */ = {isa = PBXBuildFile; productRef = E0E7132629255E8E00B61542 /* FirebaseStorage */; };
		E0E7132929255E8E00B61542 /* FirebaseStorageSwift-Beta in Frameworks */ = {isa = PBXBuildFile; productRef = E0E7132829255E8E00B61542 /* FirebaseStorageSwift-Beta */; };
		E0E713492925A7CF00B61542 /* Stripe in Frameworks */ = {isa = PBXBuildFile; productRef = E0E713482925A7CF00B61542 /* Stripe */; };
		E0E7134B2925A7CF00B61542 /* StripeApplePay in Frameworks */ = {isa = PBXBuildFile; productRef = E0E7134A2925A7CF00B61542 /* StripeApplePay */; };
		E0E7134D2925A7CF00B61542 /* StripeCardScan in Frameworks */ = {isa = PBXBuildFile; productRef = E0E7134C2925A7CF00B61542 /* StripeCardScan */; };
		E0E7134F2925A7CF00B61542 /* StripePaymentSheet in Frameworks */ = {isa = PBXBuildFile; productRef = E0E7134E2925A7CF00B61542 /* StripePaymentSheet */; };
		E0E713512925A80D00B61542 /* CheckoutViewController.swift in Sources */ = {isa = PBXBuildFile; fileRef = E0E713502925A80D00B61542 /* CheckoutViewController.swift */; };
/* End PBXBuildFile section */

/* Begin PBXContainerItemProxy section */
		06AA3411291022FC00B7893D /* PBXContainerItemProxy */ = {
			isa = PBXContainerItemProxy;
			containerPortal = 06AA33F2291022F800B7893D /* Project object */;
			proxyType = 1;
			remoteGlobalIDString = 06AA33F9291022F900B7893D;
			remoteInfo = FrontProyecto;
		};
		06AA341C291022FC00B7893D /* PBXContainerItemProxy */ = {
			isa = PBXContainerItemProxy;
			containerPortal = 06AA33F2291022F800B7893D /* Project object */;
			proxyType = 1;
			remoteGlobalIDString = 06AA33F9291022F900B7893D;
			remoteInfo = FrontProyecto;
		};
/* End PBXContainerItemProxy section */

/* Begin PBXFileReference section */
		06AA33FA291022F900B7893D /* FrontProyectoBAMEX.app */ = {isa = PBXFileReference; explicitFileType = wrapper.application; includeInIndex = 0; path = FrontProyectoBAMEX.app; sourceTree = BUILT_PRODUCTS_DIR; };
		06AA33FD291022F900B7893D /* AppDelegate.swift */ = {isa = PBXFileReference; lastKnownFileType = sourcecode.swift; path = AppDelegate.swift; sourceTree = "<group>"; };
		06AA33FF291022F900B7893D /* SceneDelegate.swift */ = {isa = PBXFileReference; lastKnownFileType = sourcecode.swift; path = SceneDelegate.swift; sourceTree = "<group>"; };
		06AA3401291022F900B7893D /* ViewController.swift */ = {isa = PBXFileReference; lastKnownFileType = sourcecode.swift; path = ViewController.swift; sourceTree = "<group>"; };
		06AA3404291022F900B7893D /* Base */ = {isa = PBXFileReference; lastKnownFileType = file.storyboard; name = Base; path = Base.lproj/Main.storyboard; sourceTree = "<group>"; };
		06AA3406291022FB00B7893D /* Assets.xcassets */ = {isa = PBXFileReference; lastKnownFileType = folder.assetcatalog; path = Assets.xcassets; sourceTree = "<group>"; };
		06AA3409291022FB00B7893D /* Base */ = {isa = PBXFileReference; lastKnownFileType = file.storyboard; name = Base; path = Base.lproj/LaunchScreen.storyboard; sourceTree = "<group>"; };
		06AA340B291022FB00B7893D /* Info.plist */ = {isa = PBXFileReference; lastKnownFileType = text.plist.xml; path = Info.plist; sourceTree = "<group>"; };
		06AA3410291022FC00B7893D /* FrontProyectoBAMEXTests.xctest */ = {isa = PBXFileReference; explicitFileType = wrapper.cfbundle; includeInIndex = 0; path = FrontProyectoBAMEXTests.xctest; sourceTree = BUILT_PRODUCTS_DIR; };
		06AA3414291022FC00B7893D /* FrontProyectoTests.swift */ = {isa = PBXFileReference; lastKnownFileType = sourcecode.swift; path = FrontProyectoTests.swift; sourceTree = "<group>"; };
		06AA3416291022FC00B7893D /* Info.plist */ = {isa = PBXFileReference; lastKnownFileType = text.plist.xml; path = Info.plist; sourceTree = "<group>"; };
		06AA341B291022FC00B7893D /* FrontProyectoBAMEXUITests.xctest */ = {isa = PBXFileReference; explicitFileType = wrapper.cfbundle; includeInIndex = 0; path = FrontProyectoBAMEXUITests.xctest; sourceTree = BUILT_PRODUCTS_DIR; };
		06AA341F291022FC00B7893D /* FrontProyectoUITests.swift */ = {isa = PBXFileReference; lastKnownFileType = sourcecode.swift; path = FrontProyectoUITests.swift; sourceTree = "<group>"; };
		06AA3421291022FC00B7893D /* Info.plist */ = {isa = PBXFileReference; lastKnownFileType = text.plist.xml; path = Info.plist; sourceTree = "<group>"; };
		E0BF7464292487F30041EFBA /* NewsViewController.swift */ = {isa = PBXFileReference; lastKnownFileType = sourcecode.swift; path = NewsViewController.swift; sourceTree = "<group>"; };
		E0BF7467292488590041EFBA /* CardCell.swift */ = {isa = PBXFileReference; fileEncoding = 4; lastKnownFileType = sourcecode.swift; path = CardCell.swift; sourceTree = "<group>"; };
		E0E107BB2931AA0700A16741 /* server.js */ = {isa = PBXFileReference; fileEncoding = 4; lastKnownFileType = sourcecode.javascript; path = server.js; sourceTree = "<group>"; };
		E0E107BC2931AA0800A16741 /* package.json */ = {isa = PBXFileReference; fileEncoding = 4; lastKnownFileType = text.json; path = package.json; sourceTree = "<group>"; };
		E0E712182925481C00B61542 /* Utilities.swift */ = {isa = PBXFileReference; lastKnownFileType = sourcecode.swift; path = Utilities.swift; sourceTree = "<group>"; };
		E0E7121A2925482A00B61542 /* Constants.swift */ = {isa = PBXFileReference; lastKnownFileType = sourcecode.swift; path = Constants.swift; sourceTree = "<group>"; };
		E0E7121C2925485000B61542 /* LoginViewController.swift */ = {isa = PBXFileReference; lastKnownFileType = sourcecode.swift; path = LoginViewController.swift; sourceTree = "<group>"; };
		E0E7121E2925486300B61542 /* SignUpViewController.swift */ = {isa = PBXFileReference; lastKnownFileType = sourcecode.swift; path = SignUpViewController.swift; sourceTree = "<group>"; };
		E0E7122029254C1E00B61542 /* LandingViewController.swift */ = {isa = PBXFileReference; lastKnownFileType = sourcecode.swift; path = LandingViewController.swift; sourceTree = "<group>"; };
		E0E7122729254DAC00B61542 /* GoogleService-Info.plist */ = {isa = PBXFileReference; fileEncoding = 4; lastKnownFileType = text.plist.xml; path = "GoogleService-Info.plist"; sourceTree = "<group>"; };
		E0E713502925A80D00B61542 /* CheckoutViewController.swift */ = {isa = PBXFileReference; lastKnownFileType = sourcecode.swift; path = CheckoutViewController.swift; sourceTree = "<group>"; };
/* End PBXFileReference section */

/* Begin PBXFrameworksBuildPhase section */
		06AA33F7291022F900B7893D /* Frameworks */ = {
			isa = PBXFrameworksBuildPhase;
			buildActionMask = 2147483647;
			files = (
				E0E7131B29255E8E00B61542 /* FirebaseInAppMessaging-Beta in Frameworks */,
				E0E7134B2925A7CF00B61542 /* StripeApplePay in Frameworks */,
				E0E7130929255E8E00B61542 /* FirebaseAppCheck in Frameworks */,
				E0E7131D29255E8E00B61542 /* FirebaseInAppMessagingSwift-Beta in Frameworks */,
				E0E7132129255E8E00B61542 /* FirebaseMLModelDownloader in Frameworks */,
				E0E7130D29255E8E00B61542 /* FirebaseAuth in Frameworks */,
				E0E7132929255E8E00B61542 /* FirebaseStorageSwift-Beta in Frameworks */,
				E0E7130529255E8E00B61542 /* FirebaseAnalyticsSwift-Beta in Frameworks */,
				E0E7131929255E8E00B61542 /* FirebaseFunctions in Frameworks */,
				E0E7131529255E8E00B61542 /* FirebaseFirestore in Frameworks */,
				E0E7131729255E8E00B61542 /* FirebaseFirestoreSwift-Beta in Frameworks */,
				E0E7132729255E8E00B61542 /* FirebaseStorage in Frameworks */,
				E0E7132529255E8E00B61542 /* FirebaseRemoteConfig in Frameworks */,
				E0E7132329255E8E00B61542 /* FirebaseMessaging in Frameworks */,
				E0E7130F29255E8E00B61542 /* FirebaseCrashlytics in Frameworks */,
				E0E713492925A7CF00B61542 /* Stripe in Frameworks */,
				E0E7134F2925A7CF00B61542 /* StripePaymentSheet in Frameworks */,
				E0E7131F29255E8E00B61542 /* FirebaseInstallations in Frameworks */,
				E0E7130B29255E8E00B61542 /* FirebaseAppDistribution-Beta in Frameworks */,
				E0E7131329255E8E00B61542 /* FirebaseDynamicLinks in Frameworks */,
				E0E7130729255E8E00B61542 /* FirebaseAnalyticsWithoutAdIdSupport in Frameworks */,
				E0E7134D2925A7CF00B61542 /* StripeCardScan in Frameworks */,
				E0E7131129255E8E00B61542 /* FirebaseDatabase in Frameworks */,
				E0E7130329255E8E00B61542 /* FirebaseAnalytics in Frameworks */,
			);
			runOnlyForDeploymentPostprocessing = 0;
		};
		06AA340D291022FC00B7893D /* Frameworks */ = {
			isa = PBXFrameworksBuildPhase;
			buildActionMask = 2147483647;
			files = (
			);
			runOnlyForDeploymentPostprocessing = 0;
		};
		06AA3418291022FC00B7893D /* Frameworks */ = {
			isa = PBXFrameworksBuildPhase;
			buildActionMask = 2147483647;
			files = (
			);
			runOnlyForDeploymentPostprocessing = 0;
		};
/* End PBXFrameworksBuildPhase section */

/* Begin PBXGroup section */
		06AA33F1291022F800B7893D = {
			isa = PBXGroup;
			children = (
				E0E713402925A76F00B61542 /* BackendProyecto */,
				06AA33FC291022F900B7893D /* FrontProyecto */,
				06AA3413291022FC00B7893D /* FrontProyectoTests */,
				06AA341E291022FC00B7893D /* FrontProyectoUITests */,
				06AA33FB291022F900B7893D /* Products */,
			);
			sourceTree = "<group>";
		};
		06AA33FB291022F900B7893D /* Products */ = {
			isa = PBXGroup;
			children = (
				06AA33FA291022F900B7893D /* FrontProyectoBAMEX.app */,
				06AA3410291022FC00B7893D /* FrontProyectoBAMEXTests.xctest */,
				06AA341B291022FC00B7893D /* FrontProyectoBAMEXUITests.xctest */,
			);
			name = Products;
			sourceTree = "<group>";
		};
		06AA33FC291022F900B7893D /* FrontProyecto */ = {
			isa = PBXGroup;
			children = (
				06AA33FD291022F900B7893D /* AppDelegate.swift */,
				06AA33FF291022F900B7893D /* SceneDelegate.swift */,
				E0BF7466292488150041EFBA /* Helpers */,
				E0BF7463292487D30041EFBA /* View Controllers */,
				06AA3403291022F900B7893D /* Main.storyboard */,
				06AA3406291022FB00B7893D /* Assets.xcassets */,
				06AA3408291022FB00B7893D /* LaunchScreen.storyboard */,
				06AA340B291022FB00B7893D /* Info.plist */,
				E0BF7467292488590041EFBA /* CardCell.swift */,
				E0E7122729254DAC00B61542 /* GoogleService-Info.plist */,
			);
			path = FrontProyecto;
			sourceTree = "<group>";
		};
		06AA3413291022FC00B7893D /* FrontProyectoTests */ = {
			isa = PBXGroup;
			children = (
				06AA3414291022FC00B7893D /* FrontProyectoTests.swift */,
				06AA3416291022FC00B7893D /* Info.plist */,
			);
			path = FrontProyectoTests;
			sourceTree = "<group>";
		};
		06AA341E291022FC00B7893D /* FrontProyectoUITests */ = {
			isa = PBXGroup;
			children = (
				06AA341F291022FC00B7893D /* FrontProyectoUITests.swift */,
				06AA3421291022FC00B7893D /* Info.plist */,
			);
			path = FrontProyectoUITests;
			sourceTree = "<group>";
		};
		E0BF7463292487D30041EFBA /* View Controllers */ = {
			isa = PBXGroup;
			children = (
				06AA3401291022F900B7893D /* ViewController.swift */,
				E0BF7464292487F30041EFBA /* NewsViewController.swift */,
				E0E7121C2925485000B61542 /* LoginViewController.swift */,
				E0E7121E2925486300B61542 /* SignUpViewController.swift */,
				E0E7122029254C1E00B61542 /* LandingViewController.swift */,
				E0E713502925A80D00B61542 /* CheckoutViewController.swift */,
			);
			path = "View Controllers";
			sourceTree = "<group>";
		};
		E0BF7466292488150041EFBA /* Helpers */ = {
			isa = PBXGroup;
			children = (
				E0E712182925481C00B61542 /* Utilities.swift */,
				E0E7121A2925482A00B61542 /* Constants.swift */,
			);
			path = Helpers;
			sourceTree = "<group>";
		};
		E0E713402925A76F00B61542 /* BackendProyecto */ = {
			isa = PBXGroup;
			children = (
				E0E107BC2931AA0800A16741 /* package.json */,
				E0E107BB2931AA0700A16741 /* server.js */,
			);
			path = BackendProyecto;
			sourceTree = "<group>";
		};
/* End PBXGroup section */

/* Begin PBXNativeTarget section */
		06AA33F9291022F900B7893D /* FrontProyectoBAMEX */ = {
			isa = PBXNativeTarget;
			buildConfigurationList = 06AA3424291022FC00B7893D /* Build configuration list for PBXNativeTarget "FrontProyectoBAMEX" */;
			buildPhases = (
				06AA33F6291022F900B7893D /* Sources */,
				06AA33F7291022F900B7893D /* Frameworks */,
				06AA33F8291022F900B7893D /* Resources */,
			);
			buildRules = (
			);
			dependencies = (
			);
			name = FrontProyectoBAMEX;
			packageProductDependencies = (
				E0E7130229255E8E00B61542 /* FirebaseAnalytics */,
				E0E7130429255E8E00B61542 /* FirebaseAnalyticsSwift-Beta */,
				E0E7130629255E8E00B61542 /* FirebaseAnalyticsWithoutAdIdSupport */,
				E0E7130829255E8E00B61542 /* FirebaseAppCheck */,
				E0E7130A29255E8E00B61542 /* FirebaseAppDistribution-Beta */,
				E0E7130C29255E8E00B61542 /* FirebaseAuth */,
				E0E7130E29255E8E00B61542 /* FirebaseCrashlytics */,
				E0E7131029255E8E00B61542 /* FirebaseDatabase */,
				E0E7131229255E8E00B61542 /* FirebaseDynamicLinks */,
				E0E7131429255E8E00B61542 /* FirebaseFirestore */,
				E0E7131629255E8E00B61542 /* FirebaseFirestoreSwift-Beta */,
				E0E7131829255E8E00B61542 /* FirebaseFunctions */,
				E0E7131A29255E8E00B61542 /* FirebaseInAppMessaging-Beta */,
				E0E7131C29255E8E00B61542 /* FirebaseInAppMessagingSwift-Beta */,
				E0E7131E29255E8E00B61542 /* FirebaseInstallations */,
				E0E7132029255E8E00B61542 /* FirebaseMLModelDownloader */,
				E0E7132229255E8E00B61542 /* FirebaseMessaging */,
				E0E7132429255E8E00B61542 /* FirebaseRemoteConfig */,
				E0E7132629255E8E00B61542 /* FirebaseStorage */,
				E0E7132829255E8E00B61542 /* FirebaseStorageSwift-Beta */,
				E0E713482925A7CF00B61542 /* Stripe */,
				E0E7134A2925A7CF00B61542 /* StripeApplePay */,
				E0E7134C2925A7CF00B61542 /* StripeCardScan */,
				E0E7134E2925A7CF00B61542 /* StripePaymentSheet */,
			);
			productName = FrontProyecto;
			productReference = 06AA33FA291022F900B7893D /* FrontProyectoBAMEX.app */;
			productType = "com.apple.product-type.application";
		};
		06AA340F291022FC00B7893D /* FrontProyectoBAMEXTests */ = {
			isa = PBXNativeTarget;
			buildConfigurationList = 06AA3427291022FC00B7893D /* Build configuration list for PBXNativeTarget "FrontProyectoBAMEXTests" */;
			buildPhases = (
				06AA340C291022FC00B7893D /* Sources */,
				06AA340D291022FC00B7893D /* Frameworks */,
				06AA340E291022FC00B7893D /* Resources */,
			);
			buildRules = (
			);
			dependencies = (
				06AA3412291022FC00B7893D /* PBXTargetDependency */,
			);
			name = FrontProyectoBAMEXTests;
			productName = FrontProyectoTests;
			productReference = 06AA3410291022FC00B7893D /* FrontProyectoBAMEXTests.xctest */;
			productType = "com.apple.product-type.bundle.unit-test";
		};
		06AA341A291022FC00B7893D /* FrontProyectoBAMEXUITests */ = {
			isa = PBXNativeTarget;
			buildConfigurationList = 06AA342A291022FC00B7893D /* Build configuration list for PBXNativeTarget "FrontProyectoBAMEXUITests" */;
			buildPhases = (
				06AA3417291022FC00B7893D /* Sources */,
				06AA3418291022FC00B7893D /* Frameworks */,
				06AA3419291022FC00B7893D /* Resources */,
			);
			buildRules = (
			);
			dependencies = (
				06AA341D291022FC00B7893D /* PBXTargetDependency */,
			);
			name = FrontProyectoBAMEXUITests;
			productName = FrontProyectoUITests;
			productReference = 06AA341B291022FC00B7893D /* FrontProyectoBAMEXUITests.xctest */;
			productType = "com.apple.product-type.bundle.ui-testing";
		};
/* End PBXNativeTarget section */

/* Begin PBXProject section */
		06AA33F2291022F800B7893D /* Project object */ = {
			isa = PBXProject;
			attributes = {
				LastSwiftUpdateCheck = 1240;
				LastUpgradeCheck = 1240;
				TargetAttributes = {
					06AA33F9291022F900B7893D = {
						CreatedOnToolsVersion = 12.4;
					};
					06AA340F291022FC00B7893D = {
						CreatedOnToolsVersion = 12.4;
						TestTargetID = 06AA33F9291022F900B7893D;
					};
					06AA341A291022FC00B7893D = {
						CreatedOnToolsVersion = 12.4;
						TestTargetID = 06AA33F9291022F900B7893D;
					};
				};
			};
			buildConfigurationList = 06AA33F5291022F800B7893D /* Build configuration list for PBXProject "FrontProyectoBAMEX" */;
			compatibilityVersion = "Xcode 12.0";
			developmentRegion = en;
			hasScannedForEncodings = 0;
			knownRegions = (
				en,
				Base,
			);
			mainGroup = 06AA33F1291022F800B7893D;
			packageReferences = (
				E0E7130129255E8E00B61542 /* XCRemoteSwiftPackageReference "firebase-ios-sdk" */,
				E0E713472925A7CF00B61542 /* XCRemoteSwiftPackageReference "stripe-ios-spm" */,
			);
			productRefGroup = 06AA33FB291022F900B7893D /* Products */;
			projectDirPath = "";
			projectRoot = "";
			targets = (
				06AA33F9291022F900B7893D /* FrontProyectoBAMEX */,
				06AA340F291022FC00B7893D /* FrontProyectoBAMEXTests */,
				06AA341A291022FC00B7893D /* FrontProyectoBAMEXUITests */,
			);
		};
/* End PBXProject section */

/* Begin PBXResourcesBuildPhase section */
		06AA33F8291022F900B7893D /* Resources */ = {
			isa = PBXResourcesBuildPhase;
			buildActionMask = 2147483647;
			files = (
				06AA340A291022FB00B7893D /* LaunchScreen.storyboard in Resources */,
				E0E7122829254DAC00B61542 /* GoogleService-Info.plist in Resources */,
				E0E107BE2931AA0800A16741 /* package.json in Resources */,
				06AA3407291022FB00B7893D /* Assets.xcassets in Resources */,
				06AA3405291022F900B7893D /* Main.storyboard in Resources */,
				E0E107BD2931AA0800A16741 /* server.js in Resources */,
			);
			runOnlyForDeploymentPostprocessing = 0;
		};
		06AA340E291022FC00B7893D /* Resources */ = {
			isa = PBXResourcesBuildPhase;
			buildActionMask = 2147483647;
			files = (
			);
			runOnlyForDeploymentPostprocessing = 0;
		};
		06AA3419291022FC00B7893D /* Resources */ = {
			isa = PBXResourcesBuildPhase;
			buildActionMask = 2147483647;
			files = (
			);
			runOnlyForDeploymentPostprocessing = 0;
		};
/* End PBXResourcesBuildPhase section */

/* Begin PBXSourcesBuildPhase section */
		06AA33F6291022F900B7893D /* Sources */ = {
			isa = PBXSourcesBuildPhase;
			buildActionMask = 2147483647;
			files = (
				E0E712192925481C00B61542 /* Utilities.swift in Sources */,
				E0BF7468292488590041EFBA /* CardCell.swift in Sources */,
				06AA3402291022F900B7893D /* ViewController.swift in Sources */,
				06AA33FE291022F900B7893D /* AppDelegate.swift in Sources */,
				E0E7121D2925485000B61542 /* LoginViewController.swift in Sources */,
				E0E713512925A80D00B61542 /* CheckoutViewController.swift in Sources */,
				E0E7121B2925482A00B61542 /* Constants.swift in Sources */,
				E0E7121F2925486300B61542 /* SignUpViewController.swift in Sources */,
				06AA3400291022F900B7893D /* SceneDelegate.swift in Sources */,
				E0E7122129254C1E00B61542 /* LandingViewController.swift in Sources */,
				E0BF7465292487F30041EFBA /* NewsViewController.swift in Sources */,
			);
			runOnlyForDeploymentPostprocessing = 0;
		};
		06AA340C291022FC00B7893D /* Sources */ = {
			isa = PBXSourcesBuildPhase;
			buildActionMask = 2147483647;
			files = (
				06AA3415291022FC00B7893D /* FrontProyectoTests.swift in Sources */,
			);
			runOnlyForDeploymentPostprocessing = 0;
		};
		06AA3417291022FC00B7893D /* Sources */ = {
			isa = PBXSourcesBuildPhase;
			buildActionMask = 2147483647;
			files = (
				06AA3420291022FC00B7893D /* FrontProyectoUITests.swift in Sources */,
			);
			runOnlyForDeploymentPostprocessing = 0;
		};
/* End PBXSourcesBuildPhase section */

/* Begin PBXTargetDependency section */
		06AA3412291022FC00B7893D /* PBXTargetDependency */ = {
			isa = PBXTargetDependency;
			target = 06AA33F9291022F900B7893D /* FrontProyectoBAMEX */;
			targetProxy = 06AA3411291022FC00B7893D /* PBXContainerItemProxy */;
		};
		06AA341D291022FC00B7893D /* PBXTargetDependency */ = {
			isa = PBXTargetDependency;
			target = 06AA33F9291022F900B7893D /* FrontProyectoBAMEX */;
			targetProxy = 06AA341C291022FC00B7893D /* PBXContainerItemProxy */;
		};
/* End PBXTargetDependency section */

/* Begin PBXVariantGroup section */
		06AA3403291022F900B7893D /* Main.storyboard */ = {
			isa = PBXVariantGroup;
			children = (
				06AA3404291022F900B7893D /* Base */,
			);
			name = Main.storyboard;
			sourceTree = "<group>";
		};
		06AA3408291022FB00B7893D /* LaunchScreen.storyboard */ = {
			isa = PBXVariantGroup;
			children = (
				06AA3409291022FB00B7893D /* Base */,
			);
			name = LaunchScreen.storyboard;
			sourceTree = "<group>";
		};
/* End PBXVariantGroup section */

/* Begin XCBuildConfiguration section */
		06AA3422291022FC00B7893D /* Debug */ = {
			isa = XCBuildConfiguration;
			buildSettings = {
				ALWAYS_SEARCH_USER_PATHS = NO;
				CLANG_ANALYZER_NONNULL = YES;
				CLANG_ANALYZER_NUMBER_OBJECT_CONVERSION = YES_AGGRESSIVE;
				CLANG_CXX_LANGUAGE_STANDARD = "gnu++14";
				CLANG_CXX_LIBRARY = "libc++";
				CLANG_ENABLE_MODULES = YES;
				CLANG_ENABLE_OBJC_ARC = YES;
				CLANG_ENABLE_OBJC_WEAK = YES;
				CLANG_WARN_BLOCK_CAPTURE_AUTORELEASING = YES;
				CLANG_WARN_BOOL_CONVERSION = YES;
				CLANG_WARN_COMMA = YES;
				CLANG_WARN_CONSTANT_CONVERSION = YES;
				CLANG_WARN_DEPRECATED_OBJC_IMPLEMENTATIONS = YES;
				CLANG_WARN_DIRECT_OBJC_ISA_USAGE = YES_ERROR;
				CLANG_WARN_DOCUMENTATION_COMMENTS = YES;
				CLANG_WARN_EMPTY_BODY = YES;
				CLANG_WARN_ENUM_CONVERSION = YES;
				CLANG_WARN_INFINITE_RECURSION = YES;
				CLANG_WARN_INT_CONVERSION = YES;
				CLANG_WARN_NON_LITERAL_NULL_CONVERSION = YES;
				CLANG_WARN_OBJC_IMPLICIT_RETAIN_SELF = YES;
				CLANG_WARN_OBJC_LITERAL_CONVERSION = YES;
				CLANG_WARN_OBJC_ROOT_CLASS = YES_ERROR;
				CLANG_WARN_QUOTED_INCLUDE_IN_FRAMEWORK_HEADER = YES;
				CLANG_WARN_RANGE_LOOP_ANALYSIS = YES;
				CLANG_WARN_STRICT_PROTOTYPES = YES;
				CLANG_WARN_SUSPICIOUS_MOVE = YES;
				CLANG_WARN_UNGUARDED_AVAILABILITY = YES_AGGRESSIVE;
				CLANG_WARN_UNREACHABLE_CODE = YES;
				CLANG_WARN__DUPLICATE_METHOD_MATCH = YES;
				COPY_PHASE_STRIP = NO;
				DEBUG_INFORMATION_FORMAT = dwarf;
				ENABLE_STRICT_OBJC_MSGSEND = YES;
				ENABLE_TESTABILITY = YES;
				GCC_C_LANGUAGE_STANDARD = gnu11;
				GCC_DYNAMIC_NO_PIC = NO;
				GCC_NO_COMMON_BLOCKS = YES;
				GCC_OPTIMIZATION_LEVEL = 0;
				GCC_PREPROCESSOR_DEFINITIONS = (
					"DEBUG=1",
					"$(inherited)",
				);
				GCC_WARN_64_TO_32_BIT_CONVERSION = YES;
				GCC_WARN_ABOUT_RETURN_TYPE = YES_ERROR;
				GCC_WARN_UNDECLARED_SELECTOR = YES;
				GCC_WARN_UNINITIALIZED_AUTOS = YES_AGGRESSIVE;
				GCC_WARN_UNUSED_FUNCTION = YES;
				GCC_WARN_UNUSED_VARIABLE = YES;
				IPHONEOS_DEPLOYMENT_TARGET = 14.3;
				MTL_ENABLE_DEBUG_INFO = INCLUDE_SOURCE;
				MTL_FAST_MATH = YES;
				ONLY_ACTIVE_ARCH = YES;
				SDKROOT = iphoneos;
				SWIFT_ACTIVE_COMPILATION_CONDITIONS = DEBUG;
				SWIFT_OPTIMIZATION_LEVEL = "-Onone";
			};
			name = Debug;
		};
		06AA3423291022FC00B7893D /* Release */ = {
			isa = XCBuildConfiguration;
			buildSettings = {
				ALWAYS_SEARCH_USER_PATHS = NO;
				CLANG_ANALYZER_NONNULL = YES;
				CLANG_ANALYZER_NUMBER_OBJECT_CONVERSION = YES_AGGRESSIVE;
				CLANG_CXX_LANGUAGE_STANDARD = "gnu++14";
				CLANG_CXX_LIBRARY = "libc++";
				CLANG_ENABLE_MODULES = YES;
				CLANG_ENABLE_OBJC_ARC = YES;
				CLANG_ENABLE_OBJC_WEAK = YES;
				CLANG_WARN_BLOCK_CAPTURE_AUTORELEASING = YES;
				CLANG_WARN_BOOL_CONVERSION = YES;
				CLANG_WARN_COMMA = YES;
				CLANG_WARN_CONSTANT_CONVERSION = YES;
				CLANG_WARN_DEPRECATED_OBJC_IMPLEMENTATIONS = YES;
				CLANG_WARN_DIRECT_OBJC_ISA_USAGE = YES_ERROR;
				CLANG_WARN_DOCUMENTATION_COMMENTS = YES;
				CLANG_WARN_EMPTY_BODY = YES;
				CLANG_WARN_ENUM_CONVERSION = YES;
				CLANG_WARN_INFINITE_RECURSION = YES;
				CLANG_WARN_INT_CONVERSION = YES;
				CLANG_WARN_NON_LITERAL_NULL_CONVERSION = YES;
				CLANG_WARN_OBJC_IMPLICIT_RETAIN_SELF = YES;
				CLANG_WARN_OBJC_LITERAL_CONVERSION = YES;
				CLANG_WARN_OBJC_ROOT_CLASS = YES_ERROR;
				CLANG_WARN_QUOTED_INCLUDE_IN_FRAMEWORK_HEADER = YES;
				CLANG_WARN_RANGE_LOOP_ANALYSIS = YES;
				CLANG_WARN_STRICT_PROTOTYPES = YES;
				CLANG_WARN_SUSPICIOUS_MOVE = YES;
				CLANG_WARN_UNGUARDED_AVAILABILITY = YES_AGGRESSIVE;
				CLANG_WARN_UNREACHABLE_CODE = YES;
				CLANG_WARN__DUPLICATE_METHOD_MATCH = YES;
				COPY_PHASE_STRIP = NO;
				DEBUG_INFORMATION_FORMAT = "dwarf-with-dsym";
				ENABLE_NS_ASSERTIONS = NO;
				ENABLE_STRICT_OBJC_MSGSEND = YES;
				GCC_C_LANGUAGE_STANDARD = gnu11;
				GCC_NO_COMMON_BLOCKS = YES;
				GCC_WARN_64_TO_32_BIT_CONVERSION = YES;
				GCC_WARN_ABOUT_RETURN_TYPE = YES_ERROR;
				GCC_WARN_UNDECLARED_SELECTOR = YES;
				GCC_WARN_UNINITIALIZED_AUTOS = YES_AGGRESSIVE;
				GCC_WARN_UNUSED_FUNCTION = YES;
				GCC_WARN_UNUSED_VARIABLE = YES;
				IPHONEOS_DEPLOYMENT_TARGET = 14.3;
				MTL_ENABLE_DEBUG_INFO = NO;
				MTL_FAST_MATH = YES;
				SDKROOT = iphoneos;
				SWIFT_COMPILATION_MODE = wholemodule;
				SWIFT_OPTIMIZATION_LEVEL = "-O";
				VALIDATE_PRODUCT = YES;
			};
			name = Release;
		};
		06AA3425291022FC00B7893D /* Debug */ = {
			isa = XCBuildConfiguration;
			buildSettings = {
				ASSETCATALOG_COMPILER_APPICON_NAME = AppIcon;
				ASSETCATALOG_COMPILER_GLOBAL_ACCENT_COLOR_NAME = AccentColor;
				CODE_SIGN_STYLE = Automatic;
				INFOPLIST_FILE = FrontProyecto/Info.plist;
				IPHONEOS_DEPLOYMENT_TARGET = 14.3;
				LD_RUNPATH_SEARCH_PATHS = (
					"$(inherited)",
					"@executable_path/Frameworks",
				);
				PRODUCT_BUNDLE_IDENTIFIER = TEC.FrontProyecto;
				PRODUCT_NAME = "$(TARGET_NAME)";
				SUPPORTED_PLATFORMS = "iphoneos iphonesimulator";
				SUPPORTS_MACCATALYST = NO;
				SUPPORTS_MAC_DESIGNED_FOR_IPHONE_IPAD = NO;
				SWIFT_VERSION = 5.0;
				TARGETED_DEVICE_FAMILY = 1;
			};
			name = Debug;
		};
		06AA3426291022FC00B7893D /* Release */ = {
			isa = XCBuildConfiguration;
			buildSettings = {
				ASSETCATALOG_COMPILER_APPICON_NAME = AppIcon;
				ASSETCATALOG_COMPILER_GLOBAL_ACCENT_COLOR_NAME = AccentColor;
				CODE_SIGN_STYLE = Automatic;
				INFOPLIST_FILE = FrontProyecto/Info.plist;
				IPHONEOS_DEPLOYMENT_TARGET = 14.3;
				LD_RUNPATH_SEARCH_PATHS = (
					"$(inherited)",
					"@executable_path/Frameworks",
				);
				PRODUCT_BUNDLE_IDENTIFIER = TEC.FrontProyecto;
				PRODUCT_NAME = "$(TARGET_NAME)";
				SUPPORTED_PLATFORMS = "iphoneos iphonesimulator";
				SUPPORTS_MACCATALYST = NO;
				SUPPORTS_MAC_DESIGNED_FOR_IPHONE_IPAD = NO;
				SWIFT_VERSION = 5.0;
				TARGETED_DEVICE_FAMILY = 1;
			};
			name = Release;
		};
		06AA3428291022FC00B7893D /* Debug */ = {
			isa = XCBuildConfiguration;
			buildSettings = {
				ALWAYS_EMBED_SWIFT_STANDARD_LIBRARIES = YES;
				BUNDLE_LOADER = "$(TEST_HOST)";
				CODE_SIGN_STYLE = Automatic;
				INFOPLIST_FILE = FrontProyectoTests/Info.plist;
				IPHONEOS_DEPLOYMENT_TARGET = 14.4;
				LD_RUNPATH_SEARCH_PATHS = (
					"$(inherited)",
					"@executable_path/Frameworks",
					"@loader_path/Frameworks",
				);
				PRODUCT_BUNDLE_IDENTIFIER = TEC.FrontProyectoTests;
				PRODUCT_NAME = "$(TARGET_NAME)";
				SWIFT_VERSION = 5.0;
				TARGETED_DEVICE_FAMILY = "1,2";
				TEST_HOST = "$(BUILT_PRODUCTS_DIR)/FrontProyectoBAMEX.app/FrontProyectoBAMEX";
			};
			name = Debug;
		};
		06AA3429291022FC00B7893D /* Release */ = {
			isa = XCBuildConfiguration;
			buildSettings = {
				ALWAYS_EMBED_SWIFT_STANDARD_LIBRARIES = YES;
				BUNDLE_LOADER = "$(TEST_HOST)";
				CODE_SIGN_STYLE = Automatic;
				INFOPLIST_FILE = FrontProyectoTests/Info.plist;
				IPHONEOS_DEPLOYMENT_TARGET = 14.4;
				LD_RUNPATH_SEARCH_PATHS = (
					"$(inherited)",
					"@executable_path/Frameworks",
					"@loader_path/Frameworks",
				);
				PRODUCT_BUNDLE_IDENTIFIER = TEC.FrontProyectoTests;
				PRODUCT_NAME = "$(TARGET_NAME)";
				SWIFT_VERSION = 5.0;
				TARGETED_DEVICE_FAMILY = "1,2";
				TEST_HOST = "$(BUILT_PRODUCTS_DIR)/FrontProyectoBAMEX.app/FrontProyectoBAMEX";
			};
			name = Release;
		};
		06AA342B291022FC00B7893D /* Debug */ = {
			isa = XCBuildConfiguration;
			buildSettings = {
				ALWAYS_EMBED_SWIFT_STANDARD_LIBRARIES = YES;
				CODE_SIGN_STYLE = Automatic;
				INFOPLIST_FILE = FrontProyectoUITests/Info.plist;
				LD_RUNPATH_SEARCH_PATHS = (
					"$(inherited)",
					"@executable_path/Frameworks",
					"@loader_path/Frameworks",
				);
				PRODUCT_BUNDLE_IDENTIFIER = TEC.FrontProyectoUITests;
				PRODUCT_NAME = "$(TARGET_NAME)";
				SWIFT_VERSION = 5.0;
				TARGETED_DEVICE_FAMILY = "1,2";
				TEST_TARGET_NAME = FrontProyecto;
			};
			name = Debug;
		};
		06AA342C291022FC00B7893D /* Release */ = {
			isa = XCBuildConfiguration;
			buildSettings = {
				ALWAYS_EMBED_SWIFT_STANDARD_LIBRARIES = YES;
				CODE_SIGN_STYLE = Automatic;
				INFOPLIST_FILE = FrontProyectoUITests/Info.plist;
				LD_RUNPATH_SEARCH_PATHS = (
					"$(inherited)",
					"@executable_path/Frameworks",
					"@loader_path/Frameworks",
				);
				PRODUCT_BUNDLE_IDENTIFIER = TEC.FrontProyectoUITests;
				PRODUCT_NAME = "$(TARGET_NAME)";
				SWIFT_VERSION = 5.0;
				TARGETED_DEVICE_FAMILY = "1,2";
				TEST_TARGET_NAME = FrontProyecto;
			};
			name = Release;
		};
/* End XCBuildConfiguration section */

/* Begin XCConfigurationList section */
		06AA33F5291022F800B7893D /* Build configuration list for PBXProject "FrontProyectoBAMEX" */ = {
			isa = XCConfigurationList;
			buildConfigurations = (
				06AA3422291022FC00B7893D /* Debug */,
				06AA3423291022FC00B7893D /* Release */,
			);
			defaultConfigurationIsVisible = 0;
			defaultConfigurationName = Release;
		};
		06AA3424291022FC00B7893D /* Build configuration list for PBXNativeTarget "FrontProyectoBAMEX" */ = {
			isa = XCConfigurationList;
			buildConfigurations = (
				06AA3425291022FC00B7893D /* Debug */,
				06AA3426291022FC00B7893D /* Release */,
			);
			defaultConfigurationIsVisible = 0;
			defaultConfigurationName = Release;
		};
		06AA3427291022FC00B7893D /* Build configuration list for PBXNativeTarget "FrontProyectoBAMEXTests" */ = {
			isa = XCConfigurationList;
			buildConfigurations = (
				06AA3428291022FC00B7893D /* Debug */,
				06AA3429291022FC00B7893D /* Release */,
			);
			defaultConfigurationIsVisible = 0;
			defaultConfigurationName = Release;
		};
		06AA342A291022FC00B7893D /* Build configuration list for PBXNativeTarget "FrontProyectoBAMEXUITests" */ = {
			isa = XCConfigurationList;
			buildConfigurations = (
				06AA342B291022FC00B7893D /* Debug */,
				06AA342C291022FC00B7893D /* Release */,
			);
			defaultConfigurationIsVisible = 0;
			defaultConfigurationName = Release;
		};
/* End XCConfigurationList section */

/* Begin XCRemoteSwiftPackageReference section */
		E0E7130129255E8E00B61542 /* XCRemoteSwiftPackageReference "firebase-ios-sdk" */ = {
			isa = XCRemoteSwiftPackageReference;
			repositoryURL = "https://github.com/firebase/firebase-ios-sdk";
			requirement = {
				kind = exactVersion;
				version = 8.0.0;
			};
		};
		E0E713472925A7CF00B61542 /* XCRemoteSwiftPackageReference "stripe-ios-spm" */ = {
			isa = XCRemoteSwiftPackageReference;
			repositoryURL = "https://github.com/stripe/stripe-ios-spm";
			requirement = {
				kind = exactVersion;
				version = 23.0.0;
			};
		};
/* End XCRemoteSwiftPackageReference section */

/* Begin XCSwiftPackageProductDependency section */
		E0E7130229255E8E00B61542 /* FirebaseAnalytics */ = {
			isa = XCSwiftPackageProductDependency;
			package = E0E7130129255E8E00B61542 /* XCRemoteSwiftPackageReference "firebase-ios-sdk" */;
			productName = FirebaseAnalytics;
		};
		E0E7130429255E8E00B61542 /* FirebaseAnalyticsSwift-Beta */ = {
			isa = XCSwiftPackageProductDependency;
			package = E0E7130129255E8E00B61542 /* XCRemoteSwiftPackageReference "firebase-ios-sdk" */;
			productName = "FirebaseAnalyticsSwift-Beta";
		};
		E0E7130629255E8E00B61542 /* FirebaseAnalyticsWithoutAdIdSupport */ = {
			isa = XCSwiftPackageProductDependency;
			package = E0E7130129255E8E00B61542 /* XCRemoteSwiftPackageReference "firebase-ios-sdk" */;
			productName = FirebaseAnalyticsWithoutAdIdSupport;
		};
		E0E7130829255E8E00B61542 /* FirebaseAppCheck */ = {
			isa = XCSwiftPackageProductDependency;
			package = E0E7130129255E8E00B61542 /* XCRemoteSwiftPackageReference "firebase-ios-sdk" */;
			productName = FirebaseAppCheck;
		};
		E0E7130A29255E8E00B61542 /* FirebaseAppDistribution-Beta */ = {
			isa = XCSwiftPackageProductDependency;
			package = E0E7130129255E8E00B61542 /* XCRemoteSwiftPackageReference "firebase-ios-sdk" */;
			productName = "FirebaseAppDistribution-Beta";
		};
		E0E7130C29255E8E00B61542 /* FirebaseAuth */ = {
			isa = XCSwiftPackageProductDependency;
			package = E0E7130129255E8E00B61542 /* XCRemoteSwiftPackageReference "firebase-ios-sdk" */;
			productName = FirebaseAuth;
		};
		E0E7130E29255E8E00B61542 /* FirebaseCrashlytics */ = {
			isa = XCSwiftPackageProductDependency;
			package = E0E7130129255E8E00B61542 /* XCRemoteSwiftPackageReference "firebase-ios-sdk" */;
			productName = FirebaseCrashlytics;
		};
		E0E7131029255E8E00B61542 /* FirebaseDatabase */ = {
			isa = XCSwiftPackageProductDependency;
			package = E0E7130129255E8E00B61542 /* XCRemoteSwiftPackageReference "firebase-ios-sdk" */;
			productName = FirebaseDatabase;
		};
		E0E7131229255E8E00B61542 /* FirebaseDynamicLinks */ = {
			isa = XCSwiftPackageProductDependency;
			package = E0E7130129255E8E00B61542 /* XCRemoteSwiftPackageReference "firebase-ios-sdk" */;
			productName = FirebaseDynamicLinks;
		};
		E0E7131429255E8E00B61542 /* FirebaseFirestore */ = {
			isa = XCSwiftPackageProductDependency;
			package = E0E7130129255E8E00B61542 /* XCRemoteSwiftPackageReference "firebase-ios-sdk" */;
			productName = FirebaseFirestore;
		};
		E0E7131629255E8E00B61542 /* FirebaseFirestoreSwift-Beta */ = {
			isa = XCSwiftPackageProductDependency;
			package = E0E7130129255E8E00B61542 /* XCRemoteSwiftPackageReference "firebase-ios-sdk" */;
			productName = "FirebaseFirestoreSwift-Beta";
		};
		E0E7131829255E8E00B61542 /* FirebaseFunctions */ = {
			isa = XCSwiftPackageProductDependency;
			package = E0E7130129255E8E00B61542 /* XCRemoteSwiftPackageReference "firebase-ios-sdk" */;
			productName = FirebaseFunctions;
		};
		E0E7131A29255E8E00B61542 /* FirebaseInAppMessaging-Beta */ = {
			isa = XCSwiftPackageProductDependency;
			package = E0E7130129255E8E00B61542 /* XCRemoteSwiftPackageReference "firebase-ios-sdk" */;
			productName = "FirebaseInAppMessaging-Beta";
		};
		E0E7131C29255E8E00B61542 /* FirebaseInAppMessagingSwift-Beta */ = {
			isa = XCSwiftPackageProductDependency;
			package = E0E7130129255E8E00B61542 /* XCRemoteSwiftPackageReference "firebase-ios-sdk" */;
			productName = "FirebaseInAppMessagingSwift-Beta";
		};
		E0E7131E29255E8E00B61542 /* FirebaseInstallations */ = {
			isa = XCSwiftPackageProductDependency;
			package = E0E7130129255E8E00B61542 /* XCRemoteSwiftPackageReference "firebase-ios-sdk" */;
			productName = FirebaseInstallations;
		};
		E0E7132029255E8E00B61542 /* FirebaseMLModelDownloader */ = {
			isa = XCSwiftPackageProductDependency;
			package = E0E7130129255E8E00B61542 /* XCRemoteSwiftPackageReference "firebase-ios-sdk" */;
			productName = FirebaseMLModelDownloader;
		};
		E0E7132229255E8E00B61542 /* FirebaseMessaging */ = {
			isa = XCSwiftPackageProductDependency;
			package = E0E7130129255E8E00B61542 /* XCRemoteSwiftPackageReference "firebase-ios-sdk" */;
			productName = FirebaseMessaging;
		};
		E0E7132429255E8E00B61542 /* FirebaseRemoteConfig */ = {
			isa = XCSwiftPackageProductDependency;
			package = E0E7130129255E8E00B61542 /* XCRemoteSwiftPackageReference "firebase-ios-sdk" */;
			productName = FirebaseRemoteConfig;
		};
		E0E7132629255E8E00B61542 /* FirebaseStorage */ = {
			isa = XCSwiftPackageProductDependency;
			package = E0E7130129255E8E00B61542 /* XCRemoteSwiftPackageReference "firebase-ios-sdk" */;
			productName = FirebaseStorage;
		};
		E0E7132829255E8E00B61542 /* FirebaseStorageSwift-Beta */ = {
			isa = XCSwiftPackageProductDependency;
			package = E0E7130129255E8E00B61542 /* XCRemoteSwiftPackageReference "firebase-ios-sdk" */;
			productName = "FirebaseStorageSwift-Beta";
		};
		E0E713482925A7CF00B61542 /* Stripe */ = {
			isa = XCSwiftPackageProductDependency;
			package = E0E713472925A7CF00B61542 /* XCRemoteSwiftPackageReference "stripe-ios-spm" */;
			productName = Stripe;
		};
		E0E7134A2925A7CF00B61542 /* StripeApplePay */ = {
			isa = XCSwiftPackageProductDependency;
			package = E0E713472925A7CF00B61542 /* XCRemoteSwiftPackageReference "stripe-ios-spm" */;
			productName = StripeApplePay;
		};
		E0E7134C2925A7CF00B61542 /* StripeCardScan */ = {
			isa = XCSwiftPackageProductDependency;
			package = E0E713472925A7CF00B61542 /* XCRemoteSwiftPackageReference "stripe-ios-spm" */;
			productName = StripeCardScan;
		};
		E0E7134E2925A7CF00B61542 /* StripePaymentSheet */ = {
			isa = XCSwiftPackageProductDependency;
			package = E0E713472925A7CF00B61542 /* XCRemoteSwiftPackageReference "stripe-ios-spm" */;
			productName = StripePaymentSheet;
		};
/* End XCSwiftPackageProductDependency section */
	};
	rootObject = 06AA33F2291022F800B7893D /* Project object */;
}
